
Microsoft Visual Studio Solution File, Format Version 12.00
# Visual Studio Version 16
VisualStudioVersion = 16.0.32228.343
MinimumVisualStudioVersion = 10.0.40219.1
Project("{FAE04EC0-301F-11D3-BF4B-00C04F79EFBC}") = "ModelDemo", "ModelDemo.csproj", "{1BC9E8BA-5B9A-4D6B-977A-8270D9768285}"
EndProject
Global
	GlobalSection(SolutionConfigurationPlatforms) = preSolution
		Debug|Any CPU = Debug|Any CPU
		Release|Any CPU = Release|Any CPU
	EndGlobalSection
	GlobalSection(ProjectConfigurationPlatforms) = postSolution
		{1BC9E8BA-5B9A-4D6B-977A-8270D9768285}.Debug|Any CPU.ActiveCfg = Debug|Any CPU
		{1BC9E8BA-5B9A-4D6B-977A-8270D9768285}.Debug|Any CPU.Build.0 = Debug|Any CPU
		{1BC9E8BA-5B9A-4D6B-977A-8270D9768285}.Release|Any CPU.ActiveCfg = Release|Any CPU
		{1BC9E8BA-5B9A-4D6B-977A-8270D9768285}.Release|Any CPU.Build.0 = Release|Any CPU
	EndGlobalSection
	GlobalSection(SolutionProperties) = preSolution
		HideSolutionNode = FALSE
	EndGlobalSection
	GlobalSection(ExtensibilityGlobals) = postSolution
		SolutionGuid = {C5B59343-7877-40C2-888B-5D8ACDFFAF5C}
	EndGlobalSection
EndGlobal
